// !$*UTF8*$!
{
	archiveVersion = 1;
	classes = {
	};
	objectVersion = 46;
	objects = {

/* Begin PBXBuildFile section */
		3962FEDA1D5B0E6C00CC3686 /* main.m in Sources */ = {isa = PBXBuildFile; fileRef = 3962FED91D5B0E6C00CC3686 /* main.m */; };
		3962FEDD1D5B0E6C00CC3686 /* AppDelegate.m in Sources */ = {isa = PBXBuildFile; fileRef = 3962FEDC1D5B0E6C00CC3686 /* AppDelegate.m */; };
		3962FEE01D5B0E6C00CC3686 /* ViewController.m in Sources */ = {isa = PBXBuildFile; fileRef = 3962FEDF1D5B0E6C00CC3686 /* ViewController.m */; };
		3962FEE31D5B0E6C00CC3686 /* Main.storyboard in Resources */ = {isa = PBXBuildFile; fileRef = 3962FEE11D5B0E6C00CC3686 /* Main.storyboard */; };
		3962FEE51D5B0E6C00CC3686 /* Assets.xcassets in Resources */ = {isa = PBXBuildFile; fileRef = 3962FEE41D5B0E6C00CC3686 /* Assets.xcassets */; };
		3962FEE81D5B0E6C00CC3686 /* LaunchScreen.storyboard in Resources */ = {isa = PBXBuildFile; fileRef = 3962FEE61D5B0E6C00CC3686 /* LaunchScreen.storyboard */; };
/* End PBXBuildFile section */

/* Begin PBXFileReference section */
		3962FED51D5B0E6C00CC3686 /* DateCalculate.app */ = {isa = PBXFileReference; explicitFileType = wrapper.application; includeInIndex = 0; path = DateCalculate.app; sourceTree = BUILT_PRODUCTS_DIR; };
		3962FED91D5B0E6C00CC3686 /* main.m */ = {isa = PBXFileReference; lastKnownFileType = sourcecode.c.objc; path = main.m; sourceTree = "<group>"; };
		3962FEDB1D5B0E6C00CC3686 /* AppDelegate.h */ = {isa = PBXFileReference; lastKnownFileType = sourcecode.c.h; path = AppDelegate.h; sourceTree = "<group>"; };
		3962FEDC1D5B0E6C00CC3686 /* AppDelegate.m */ = {isa = PBXFileReference; lastKnownFileType = sourcecode.c.objc; path = AppDelegate.m; sourceTree = "<group>"; };
		3962FEDE1D5B0E6C00CC3686 /* ViewController.h */ = {isa = PBXFileReference; lastKnownFileType = sourcecode.c.h; path = ViewController.h; sourceTree = "<group>"; };
		3962FEDF1D5B0E6C00CC3686 /* ViewController.m */ = {isa = PBXFileReference; lastKnownFileType = sourcecode.c.objc; path = ViewController.m; sourceTree = "<group>"; };
		3962FEE21D5B0E6C00CC3686 /* Base */ = {isa = PBXFileReference; lastKnownFileType = file.storyboard; name = Base; path = Base.lproj/Main.storyboard; sourceTree = "<group>"; };
		3962FEE41D5B0E6C00CC3686 /* Assets.xcassets */ = {isa = PBXFileReference; lastKnownFileType = folder.assetcatalog; path = Assets.xcassets; sourceTree = "<group>"; };
		3962FEE71D5B0E6C00CC3686 /* Base */ = {isa = PBXFileReference; lastKnownFileType = file.storyboard; name = Base; path = Base.lproj/LaunchScreen.storyboard; sourceTree = "<group>"; };
		3962FEE91D5B0E6C00CC3686 /* Info.plist */ = {isa = PBXFileReference; lastKnownFileType = text.plist.xml; path = Info.plist; sourceTree = "<group>"; };
/* End PBXFileReference section */

/* Begin PBXFrameworksBuildPhase section */
		3962FED21D5B0E6C00CC3686 /* Frameworks */ = {
			isa = PBXFrameworksBuildPhase;
			buildActionMask = 2147483647;
			files = (
			);
			runOnlyForDeploymentPostprocessing = 0;
		};
/* End PBXFrameworksBuildPhase section */

/* Begin PBXGroup section */
		3962FECC1D5B0E6C00CC3686 = {
			isa = PBXGroup;
			children = (
				3962FED71D5B0E6C00CC3686 /* DateCalculate */,
				3962FED61D5B0E6C00CC3686 /* Products */,
			);
			sourceTree = "<group>";
		};
		3962FED61D5B0E6C00CC3686 /* Products */ = {
			isa = PBXGroup;
			children = (
				3962FED51D5B0E6C00CC3686 /* DateCalculate.app */,
			);
			name = Products;
			sourceTree = "<group>";
		};
		3962FED71D5B0E6C00CC3686 /* DateCalculate */ = {
			isa = PBXGroup;
			children = (
				3962FEDB1D5B0E6C00CC3686 /* AppDelegate.h */,
				3962FEDC1D5B0E6C00CC3686 /* AppDelegate.m */,
				3962FEDE1D5B0E6C00CC3686 /* ViewController.h */,
				3962FEDF1D5B0E6C00CC3686 /* ViewController.m */,
				3962FEE11D5B0E6C00CC3686 /* Main.storyboard */,
				3962FEE41D5B0E6C00CC3686 /* Assets.xcassets */,
				3962FEE61D5B0E6C00CC3686 /* LaunchScreen.storyboard */,
				3962FEE91D5B0E6C00CC3686 /* Info.plist */,
				3962FED81D5B0E6C00CC3686 /* Supporting Files */,
			);
			path = DateCalculate;
			sourceTree = "<group>";
		};
		3962FED81D5B0E6C00CC3686 /* Supporting Files */ = {
			isa = PBXGroup;
			children = (
				3962FED91D5B0E6C00CC3686 /* main.m */,
			);
			name = "Supporting Files";
			sourceTree = "<group>";
		};
/* End PBXGroup section */

/* Begin PBXNativeTarget section */
		3962FED41D5B0E6C00CC3686 /* DateCalculate */ = {
			isa = PBXNativeTarget;
			buildConfigurationList = 3962FEEC1D5B0E6C00CC3686 /* Build configuration list for PBXNativeTarget "DateCalculate" */;
			buildPhases = (
				3962FED11D5B0E6C00CC3686 /* Sources */,
				3962FED21D5B0E6C00CC3686 /* Frameworks */,
				3962FED31D5B0E6C00CC3686 /* Resources */,
			);
			buildRules = (
			);
			dependencies = (
			);
			name = DateCalculate;
			productName = DateCalculate;
			productReference = 3962FED51D5B0E6C00CC3686 /* DateCalculate.app */;
			productType = "com.apple.product-type.application";
		};
/* End PBXNativeTarget section */

/* Begin PBXProject section */
		3962FECD1D5B0E6C00CC3686 /* Project object */ = {
			isa = PBXProject;
			attributes = {
				LastUpgradeCheck = 0730;
				ORGANIZATIONNAME = qinman;
				TargetAttributes = {
					3962FED41D5B0E6C00CC3686 = {
						CreatedOnToolsVersion = 7.3.1;
					};
				};
			};
			buildConfigurationList = 3962FED01D5B0E6C00CC3686 /* Build configuration list for PBXProject "DateCalculate" */;
			compatibilityVersion = "Xcode 3.2";
			developmentRegion = English;
			hasScannedForEncodings = 0;
			knownRegions = (
				en,
				Base,
			);
			mainGroup = 3962FECC1D5B0E6C00CC3686;
			productRefGroup = 3962FED61D5B0E6C00CC3686 /* Products */;
			projectDirPath = "";
			projectRoot = "";
			targets = (
				3962FED41D5B0E6C00CC3686 /* DateCalculate */,
			);
		};
/* End PBXProject section */

/* Begin PBXResourcesBuildPhase section */
		3962FED31D5B0E6C00CC3686 /* Resources */ = {
			isa = PBXResourcesBuildPhase;
			buildActionMask = 2147483647;
			files = (
				3962FEE81D5B0E6C00CC3686 /* LaunchScreen.storyboard in Resources */,
				3962FEE51D5B0E6C00CC3686 /* Assets.xcassets in Resources */,
				3962FEE31D5B0E6C00CC3686 /* Main.storyboard in Resources */,
			);
			runOnlyForDeploymentPostprocessing = 0;
		};
/* End PBXResourcesBuildPhase section */

/* Begin PBXSourcesBuildPhase section */
		3962FED11D5B0E6C00CC3686 /* Sources */ = {
			isa = PBXSourcesBuildPhase;
			buildActionMask = 2147483647;
			files = (
				3962FEE01D5B0E6C00CC3686 /* ViewController.m in Sources */,
				3962FEDD1D5B0E6C00CC3686 /* AppDelegate.m in Sources */,
				3962FEDA1D5B0E6C00CC3686 /* main.m in Sources */,
			);
			runOnlyForDeploymentPostprocessing = 0;
		};
/* End PBXSourcesBuildPhase section */

/* Begin PBXVariantGroup section */
		3962FEE11D5B0E6C00CC3686 /* Main.storyboard */ = {
			isa = PBXVariantGroup;
			children = (
				3962FEE21D5B0E6C00CC3686 /* Base */,
			);
			name = Main.storyboard;
			sourceTree = "<group>";
		};
		3962FEE61D5B0E6C00CC3686 /* LaunchScreen.storyboard */ = {
			isa = PBXVariantGroup;
			children = (
				3962FEE71D5B0E6C00CC3686 /* Base */,
			);
			name = LaunchScreen.storyboard;
			sourceTree = "<group>";
		};
/* End PBXVariantGroup section */

/* Begin XCBuildConfiguration section */
		3962FEEA1D5B0E6C00CC3686 /* Debug */ = {
			isa = XCBuildConfiguration;
			buildSettings = {
				ALWAYS_SEARCH_USER_PATHS = NO;
				CLANG_ANALYZER_NONNULL = YES;
				CLANG_CXX_LANGUAGE_STANDARD = "gnu++0x";
				CLANG_CXX_LIBRARY = "libc++";
				CLANG_ENABLE_MODULES = YES;
				CLANG_ENABLE_OBJC_ARC = YES;
				CLANG_WARN_BOOL_CONVERSION = YES;
				CLANG_WARN_CONSTANT_CONVERSION = YES;
				CLANG_WARN_DIRECT_OBJC_ISA_USAGE = YES_ERROR;
				CLANG_WARN_EMPTY_BODY = YES;
				CLANG_WARN_ENUM_CONVERSION = YES;
				CLANG_WARN_INT_CONVERSION = YES;
				CLANG_WARN_OBJC_ROOT_CLASS = YES_ERROR;
				CLANG_WARN_UNREACHABLE_CODE = YES;
				CLANG_WARN__DUPLICATE_METHOD_MATCH = YES;
				"CODE_SIGN_IDENTITY[sdk=iphoneos*]" = "iPhone Developer";
				COPY_PHASE_STRIP = NO;
				DEBUG_INFORMATION_FORMAT = dwarf;
				ENABLE_STRICT_OBJC_MSGSEND = YES;
				ENABLE_TESTABILITY = YES;
				GCC_C_LANGUAGE_STANDARD = gnu99;
				GCC_DYNAMIC_NO_PIC = NO;
				GCC_NO_COMMON_BLOCKS = YES;
				GCC_OPTIMIZATION_LEVEL = 0;
				GCC_PREPROCESSOR_DEFINITIONS = (
					"DEBUG=1",
					"$(inherited)",
				);
				GCC_WARN_64_TO_32_BIT_CONVERSION = YES;
				GCC_WARN_ABOUT_RETURN_TYPE = YES_ERROR;
				GCC_WARN_UNDECLARED_SELECTOR = YES;
				GCC_WARN_UNINITIALIZED_AUTOS = YES_AGGRESSIVE;
				GCC_WARN_UNUSED_FUNCTION = YES;
				GCC_WARN_UNUSED_VARIABLE = YES;
				IPHONEOS_DEPLOYMENT_TARGET = 9.3;
				MTL_ENABLE_DEBUG_INFO = YES;
				ONLY_ACTIVE_ARCH = YES;
				SDKROOT = iphoneos;
			};
			name = Debug;
		};
		3962FEEB1D5B0E6C00CC3686 /* Release */ = {
			isa = XCBuildConfiguration;
			buildSettings = {
				ALWAYS_SEARCH_USER_PATHS = NO;
				CLANG_ANALYZER_NONNULL = YES;
				CLANG_CXX_LANGUAGE_STANDARD = "gnu++0x";
				CLANG_CXX_LIBRARY = "libc++";
				CLANG_ENABLE_MODULES = YES;
				CLANG_ENABLE_OBJC_ARC = YES;
				CLANG_WARN_BOOL_CONVERSION = YES;
				CLANG_WARN_CONSTANT_CONVERSION = YES;
				CLANG_WARN_DIRECT_OBJC_ISA_USAGE = YES_ERROR;
				CLANG_WARN_EMPTY_BODY = YES;
				CLANG_WARN_ENUM_CONVERSION = YES;
				CLANG_WARN_INT_CONVERSION = YES;
				CLANG_WARN_OBJC_ROOT_CLASS = YES_ERROR;
				CLANG_WARN_UNREACHABLE_CODE = YES;
				CLANG_WARN__DUPLICATE_METHOD_MATCH = YES;
				"CODE_SIGN_IDENTITY[sdk=iphoneos*]" = "iPhone Developer";
				COPY_PHASE_STRIP = NO;
				DEBUG_INFORMATION_FORMAT = "dwarf-with-dsym";
				ENABLE_NS_ASSERTIONS = NO;
				ENABLE_STRICT_OBJC_MSGSEND = YES;
				GCC_C_LANGUAGE_STANDARD = gnu99;
				GCC_NO_COMMON_BLOCKS = YES;
				GCC_WARN_64_TO_32_BIT_CONVERSION = YES;
				GCC_WARN_ABOUT_RETURN_TYPE = YES_ERROR;
				GCC_WARN_UNDECLARED_SELECTOR = YES;
				GCC_WARN_UNINITIALIZED_AUTOS = YES_AGGRESSIVE;
				GCC_WARN_UNUSED_FUNCTION = YES;
				GCC_WARN_UNUSED_VARIABLE = YES;
				IPHONEOS_DEPLOYMENT_TARGET = 9.3;
				MTL_ENABLE_DEBUG_INFO = NO;
				SDKROOT = iphoneos;
				VALIDATE_PRODUCT = YES;
			};
			name = Release;
		};
		3962FEED1D5B0E6C00CC3686 /* Debug */ = {
			isa = XCBuildConfiguration;
			buildSettings = {
				ASSETCATALOG_COMPILER_APPICON_NAME = AppIcon;
				INFOPLIST_FILE = DateCalculate/Info.plist;
				LD_RUNPATH_SEARCH_PATHS = "$(inherited) @executable_path/Frameworks";
				PRODUCT_BUNDLE_IDENTIFIER = "http---www.fang.com.DateCalculate";
				PRODUCT_NAME = "$(TARGET_NAME)";
			};
			name = Debug;
		};
		3962FEEE1D5B0E6C00CC3686 /* Release */ = {
			isa = XCBuildConfiguration;
			buildSettings = {
				ASSETCATALOG_COMPILER_APPICON_NAME = AppIcon;
				INFOPLIST_FILE = DateCalculate/Info.plist;
				LD_RUNPATH_SEARCH_PATHS = "$(inherited) @executable_path/Frameworks";
				PRODUCT_BUNDLE_IDENTIFIER = "http---www.fang.com.DateCalculate";
				PRODUCT_NAME = "$(TARGET_NAME)";
			};
			name = Release;
		};
/* End XCBuildConfiguration section */

/* Begin XCConfigurationList section */
		3962FED01D5B0E6C00CC3686 /* Build configuration list for PBXProject "DateCalculate" */ = {
			isa = XCConfigurationList;
			buildConfigurations = (
				3962FEEA1D5B0E6C00CC3686 /* Debug */,
				3962FEEB1D5B0E6C00CC3686 /* Release */,
			);
			defaultConfigurationIsVisible = 0;
			defaultConfigurationName = Release;
		};
		3962FEEC1D5B0E6C00CC3686 /* Build configuration list for PBXNativeTarget "DateCalculate" */ = {
			isa = XCConfigurationList;
			buildConfigurations = (
				3962FEED1D5B0E6C00CC3686 /* Debug */,
				3962FEEE1D5B0E6C00CC3686 /* Release */,
			);
			defaultConfigurationIsVisible = 0;
		};
/* End XCConfigurationList section */
	};
	rootObject = 3962FECD1D5B0E6C00CC3686 /* Project object */;
}
